
Microsoft Visual Studio Solution File, Format Version 12.00
# Visual Studio Version 17
VisualStudioVersion = 17.9.34728.123
MinimumVisualStudioVersion = 10.0.40219.1
Project("{FAE04EC0-301F-11D3-BF4B-00C04F79EFBC}") = "MyRESTfulWebAPI", "MyRESTfulWebAPI\MyRESTfulWebAPI.csproj", "{D143FE2E-A166-4921-8B4E-117E147779F5}"
EndProject
Global
	GlobalSection(SolutionConfigurationPlatforms) = preSolution
		Debug|Any CPU = Debug|Any CPU
		Release|Any CPU = Release|Any CPU
	EndGlobalSection
	GlobalSection(ProjectConfigurationPlatforms) = postSolution
		{D143FE2E-A166-4921-8B4E-117E147779F5}.Debug|Any CPU.ActiveCfg = Debug|Any CPU
		{D143FE2E-A166-4921-8B4E-117E147779F5}.Debug|Any CPU.Build.0 = Debug|Any CPU
		{D143FE2E-A166-4921-8B4E-117E147779F5}.Release|Any CPU.ActiveCfg = Release|Any CPU
		{D143FE2E-A166-4921-8B4E-117E147779F5}.Release|Any CPU.Build.0 = Release|Any CPU
	EndGlobalSection
	GlobalSection(SolutionProperties) = preSolution
		HideSolutionNode = FALSE
	EndGlobalSection
	GlobalSection(ExtensibilityGlobals) = postSolution
		SolutionGuid = {D59E4598-CCEA-40F5-8152-FABCD79ED3E7}
	EndGlobalSection
EndGlobal
